// !$*UTF8*$!
{
	archiveVersion = 1;
	classes = {
	};
	objectVersion = 46;
	objects = {

/* Begin PBXBuildFile section */
		7141B2A5193DB2A30084F9F1 /* Foundation.framework in Frameworks */ = {isa = PBXBuildFile; fileRef = 7141B2A4193DB2A30084F9F1 /* Foundation.framework */; };
		7141B2A7193DB2A30084F9F1 /* CoreGraphics.framework in Frameworks */ = {isa = PBXBuildFile; fileRef = 7141B2A6193DB2A30084F9F1 /* CoreGraphics.framework */; };
		7141B2A9193DB2A30084F9F1 /* UIKit.framework in Frameworks */ = {isa = PBXBuildFile; fileRef = 7141B2A8193DB2A30084F9F1 /* UIKit.framework */; };
		7141B2AF193DB2A30084F9F1 /* InfoPlist.strings in Resources */ = {isa = PBXBuildFile; fileRef = 7141B2AD193DB2A30084F9F1 /* InfoPlist.strings */; };
		7141B2B1193DB2A30084F9F1 /* main.m in Sources */ = {isa = PBXBuildFile; fileRef = 7141B2B0193DB2A30084F9F1 /* main.m */; };
		7141B2B5193DB2A30084F9F1 /* AppDelegate.m in Sources */ = {isa = PBXBuildFile; fileRef = 7141B2B4193DB2A30084F9F1 /* AppDelegate.m */; };
		7141B2B7193DB2A30084F9F1 /* Images.xcassets in Resources */ = {isa = PBXBuildFile; fileRef = 7141B2B6193DB2A30084F9F1 /* Images.xcassets */; };
		7141B2BE193DB2A30084F9F1 /* XCTest.framework in Frameworks */ = {isa = PBXBuildFile; fileRef = 7141B2BD193DB2A30084F9F1 /* XCTest.framework */; };
		7141B2BF193DB2A30084F9F1 /* Foundation.framework in Frameworks */ = {isa = PBXBuildFile; fileRef = 7141B2A4193DB2A30084F9F1 /* Foundation.framework */; };
		7141B2C0193DB2A30084F9F1 /* UIKit.framework in Frameworks */ = {isa = PBXBuildFile; fileRef = 7141B2A8193DB2A30084F9F1 /* UIKit.framework */; };
		7141B2C8193DB2A30084F9F1 /* InfoPlist.strings in Resources */ = {isa = PBXBuildFile; fileRef = 7141B2C6193DB2A30084F9F1 /* InfoPlist.strings */; };
		7141B2CA193DB2A30084F9F1 /* WhoWantsToKnowTests.m in Sources */ = {isa = PBXBuildFile; fileRef = 7141B2C9193DB2A30084F9F1 /* WhoWantsToKnowTests.m */; };
/* End PBXBuildFile section */

/* Begin PBXContainerItemProxy section */
		7141B2C1193DB2A30084F9F1 /* PBXContainerItemProxy */ = {
			isa = PBXContainerItemProxy;
			containerPortal = 7141B299193DB2A30084F9F1 /* Project object */;
			proxyType = 1;
			remoteGlobalIDString = 7141B2A0193DB2A30084F9F1;
			remoteInfo = WhoWantsToKnow;
		};
/* End PBXContainerItemProxy section */

/* Begin PBXFileReference section */
		7141B2A1193DB2A30084F9F1 /* WhoWantsToKnow.app */ = {isa = PBXFileReference; explicitFileType = wrapper.application; includeInIndex = 0; path = WhoWantsToKnow.app; sourceTree = BUILT_PRODUCTS_DIR; };
		7141B2A4193DB2A30084F9F1 /* Foundation.framework */ = {isa = PBXFileReference; lastKnownFileType = wrapper.framework; name = Foundation.framework; path = System/Library/Frameworks/Foundation.framework; sourceTree = SDKROOT; };
		7141B2A6193DB2A30084F9F1 /* CoreGraphics.framework */ = {isa = PBXFileReference; lastKnownFileType = wrapper.framework; name = CoreGraphics.framework; path = System/Library/Frameworks/CoreGraphics.framework; sourceTree = SDKROOT; };
		7141B2A8193DB2A30084F9F1 /* UIKit.framework */ = {isa = PBXFileReference; lastKnownFileType = wrapper.framework; name = UIKit.framework; path = System/Library/Frameworks/UIKit.framework; sourceTree = SDKROOT; };
		7141B2AC193DB2A30084F9F1 /* WhoWantsToKnow-Info.plist */ = {isa = PBXFileReference; lastKnownFileType = text.plist.xml; path = "WhoWantsToKnow-Info.plist"; sourceTree = "<group>"; };
		7141B2AE193DB2A30084F9F1 /* en */ = {isa = PBXFileReference; lastKnownFileType = text.plist.strings; name = en; path = en.lproj/InfoPlist.strings; sourceTree = "<group>"; };
		7141B2B0193DB2A30084F9F1 /* main.m */ = {isa = PBXFileReference; lastKnownFileType = sourcecode.c.objc; path = main.m; sourceTree = "<group>"; };
		7141B2B2193DB2A30084F9F1 /* WhoWantsToKnow-Prefix.pch */ = {isa = PBXFileReference; lastKnownFileType = sourcecode.c.h; path = "WhoWantsToKnow-Prefix.pch"; sourceTree = "<group>"; };
		7141B2B3193DB2A30084F9F1 /* AppDelegate.h */ = {isa = PBXFileReference; lastKnownFileType = sourcecode.c.h; path = AppDelegate.h; sourceTree = "<group>"; };
		7141B2B4193DB2A30084F9F1 /* AppDelegate.m */ = {isa = PBXFileReference; lastKnownFileType = sourcecode.c.objc; path = AppDelegate.m; sourceTree = "<group>"; };
		7141B2B6193DB2A30084F9F1 /* Images.xcassets */ = {isa = PBXFileReference; lastKnownFileType = folder.assetcatalog; path = Images.xcassets; sourceTree = "<group>"; };
		7141B2BC193DB2A30084F9F1 /* WhoWantsToKnowTests.xctest */ = {isa = PBXFileReference; explicitFileType = wrapper.cfbundle; includeInIndex = 0; path = WhoWantsToKnowTests.xctest; sourceTree = BUILT_PRODUCTS_DIR; };
		7141B2BD193DB2A30084F9F1 /* XCTest.framework */ = {isa = PBXFileReference; lastKnownFileType = wrapper.framework; name = XCTest.framework; path = Library/Frameworks/XCTest.framework; sourceTree = DEVELOPER_DIR; };
		7141B2C5193DB2A30084F9F1 /* WhoWantsToKnowTests-Info.plist */ = {isa = PBXFileReference; lastKnownFileType = text.plist.xml; path = "WhoWantsToKnowTests-Info.plist"; sourceTree = "<group>"; };
		7141B2C7193DB2A30084F9F1 /* en */ = {isa = PBXFileReference; lastKnownFileType = text.plist.strings; name = en; path = en.lproj/InfoPlist.strings; sourceTree = "<group>"; };
		7141B2C9193DB2A30084F9F1 /* WhoWantsToKnowTests.m */ = {isa = PBXFileReference; lastKnownFileType = sourcecode.c.objc; path = WhoWantsToKnowTests.m; sourceTree = "<group>"; };
/* End PBXFileReference section */

/* Begin PBXFrameworksBuildPhase section */
		7141B29E193DB2A30084F9F1 /* Frameworks */ = {
			isa = PBXFrameworksBuildPhase;
			buildActionMask = 2147483647;
			files = (
				7141B2A7193DB2A30084F9F1 /* CoreGraphics.framework in Frameworks */,
				7141B2A9193DB2A30084F9F1 /* UIKit.framework in Frameworks */,
				7141B2A5193DB2A30084F9F1 /* Foundation.framework in Frameworks */,
			);
			runOnlyForDeploymentPostprocessing = 0;
		};
		7141B2B9193DB2A30084F9F1 /* Frameworks */ = {
			isa = PBXFrameworksBuildPhase;
			buildActionMask = 2147483647;
			files = (
				7141B2BE193DB2A30084F9F1 /* XCTest.framework in Frameworks */,
				7141B2C0193DB2A30084F9F1 /* UIKit.framework in Frameworks */,
				7141B2BF193DB2A30084F9F1 /* Foundation.framework in Frameworks */,
			);
			runOnlyForDeploymentPostprocessing = 0;
		};
/* End PBXFrameworksBuildPhase section */

/* Begin PBXGroup section */
		7141B298193DB2A30084F9F1 = {
			isa = PBXGroup;
			children = (
				7141B2AA193DB2A30084F9F1 /* WhoWantsToKnow */,
				7141B2C3193DB2A30084F9F1 /* WhoWantsToKnowTests */,
				7141B2A3193DB2A30084F9F1 /* Frameworks */,
				7141B2A2193DB2A30084F9F1 /* Products */,
			);
			sourceTree = "<group>";
		};
		7141B2A2193DB2A30084F9F1 /* Products */ = {
			isa = PBXGroup;
			children = (
				7141B2A1193DB2A30084F9F1 /* WhoWantsToKnow.app */,
				7141B2BC193DB2A30084F9F1 /* WhoWantsToKnowTests.xctest */,
			);
			name = Products;
			sourceTree = "<group>";
		};
		7141B2A3193DB2A30084F9F1 /* Frameworks */ = {
			isa = PBXGroup;
			children = (
				7141B2A4193DB2A30084F9F1 /* Foundation.framework */,
				7141B2A6193DB2A30084F9F1 /* CoreGraphics.framework */,
				7141B2A8193DB2A30084F9F1 /* UIKit.framework */,
				7141B2BD193DB2A30084F9F1 /* XCTest.framework */,
			);
			name = Frameworks;
			sourceTree = "<group>";
		};
		7141B2AA193DB2A30084F9F1 /* WhoWantsToKnow */ = {
			isa = PBXGroup;
			children = (
				7141B2B3193DB2A30084F9F1 /* AppDelegate.h */,
				7141B2B4193DB2A30084F9F1 /* AppDelegate.m */,
				7141B2B6193DB2A30084F9F1 /* Images.xcassets */,
				7141B2AB193DB2A30084F9F1 /* Supporting Files */,
			);
			path = WhoWantsToKnow;
			sourceTree = "<group>";
		};
		7141B2AB193DB2A30084F9F1 /* Supporting Files */ = {
			isa = PBXGroup;
			children = (
				7141B2AC193DB2A30084F9F1 /* WhoWantsToKnow-Info.plist */,
				7141B2AD193DB2A30084F9F1 /* InfoPlist.strings */,
				7141B2B0193DB2A30084F9F1 /* main.m */,
				7141B2B2193DB2A30084F9F1 /* WhoWantsToKnow-Prefix.pch */,
			);
			name = "Supporting Files";
			sourceTree = "<group>";
		};
		7141B2C3193DB2A30084F9F1 /* WhoWantsToKnowTests */ = {
			isa = PBXGroup;
			children = (
				7141B2C9193DB2A30084F9F1 /* WhoWantsToKnowTests.m */,
				7141B2C4193DB2A30084F9F1 /* Supporting Files */,
			);
			path = WhoWantsToKnowTests;
			sourceTree = "<group>";
		};
		7141B2C4193DB2A30084F9F1 /* Supporting Files */ = {
			isa = PBXGroup;
			children = (
				7141B2C5193DB2A30084F9F1 /* WhoWantsToKnowTests-Info.plist */,
				7141B2C6193DB2A30084F9F1 /* InfoPlist.strings */,
			);
			name = "Supporting Files";
			sourceTree = "<group>";
		};
/* End PBXGroup section */

/* Begin PBXNativeTarget section */
		7141B2A0193DB2A30084F9F1 /* WhoWantsToKnow */ = {
			isa = PBXNativeTarget;
			buildConfigurationList = 7141B2CD193DB2A30084F9F1 /* Build configuration list for PBXNativeTarget "WhoWantsToKnow" */;
			buildPhases = (
				7141B29D193DB2A30084F9F1 /* Sources */,
				7141B29E193DB2A30084F9F1 /* Frameworks */,
				7141B29F193DB2A30084F9F1 /* Resources */,
			);
			buildRules = (
			);
			dependencies = (
			);
			name = WhoWantsToKnow;
			productName = WhoWantsToKnow;
			productReference = 7141B2A1193DB2A30084F9F1 /* WhoWantsToKnow.app */;
			productType = "com.apple.product-type.application";
		};
		7141B2BB193DB2A30084F9F1 /* WhoWantsToKnowTests */ = {
			isa = PBXNativeTarget;
			buildConfigurationList = 7141B2D0193DB2A30084F9F1 /* Build configuration list for PBXNativeTarget "WhoWantsToKnowTests" */;
			buildPhases = (
				7141B2B8193DB2A30084F9F1 /* Sources */,
				7141B2B9193DB2A30084F9F1 /* Frameworks */,
				7141B2BA193DB2A30084F9F1 /* Resources */,
			);
			buildRules = (
			);
			dependencies = (
				7141B2C2193DB2A30084F9F1 /* PBXTargetDependency */,
			);
			name = WhoWantsToKnowTests;
			productName = WhoWantsToKnowTests;
			productReference = 7141B2BC193DB2A30084F9F1 /* WhoWantsToKnowTests.xctest */;
			productType = "com.apple.product-type.bundle.unit-test";
		};
/* End PBXNativeTarget section */

/* Begin PBXProject section */
		7141B299193DB2A30084F9F1 /* Project object */ = {
			isa = PBXProject;
			attributes = {
				LastUpgradeCheck = 0510;
				ORGANIZATIONNAME = DevMountain;
				TargetAttributes = {
					7141B2BB193DB2A30084F9F1 = {
						TestTargetID = 7141B2A0193DB2A30084F9F1;
					};
				};
			};
			buildConfigurationList = 7141B29C193DB2A30084F9F1 /* Build configuration list for PBXProject "WhoWantsToKnow" */;
			compatibilityVersion = "Xcode 3.2";
			developmentRegion = English;
			hasScannedForEncodings = 0;
			knownRegions = (
				en,
			);
			mainGroup = 7141B298193DB2A30084F9F1;
			productRefGroup = 7141B2A2193DB2A30084F9F1 /* Products */;
			projectDirPath = "";
			projectRoot = "";
			targets = (
				7141B2A0193DB2A30084F9F1 /* WhoWantsToKnow */,
				7141B2BB193DB2A30084F9F1 /* WhoWantsToKnowTests */,
			);
		};
/* End PBXProject section */

/* Begin PBXResourcesBuildPhase section */
		7141B29F193DB2A30084F9F1 /* Resources */ = {
			isa = PBXResourcesBuildPhase;
			buildActionMask = 2147483647;
			files = (
				7141B2AF193DB2A30084F9F1 /* InfoPlist.strings in Resources */,
				7141B2B7193DB2A30084F9F1 /* Images.xcassets in Resources */,
			);
			runOnlyForDeploymentPostprocessing = 0;
		};
		7141B2BA193DB2A30084F9F1 /* Resources */ = {
			isa = PBXResourcesBuildPhase;
			buildActionMask = 2147483647;
			files = (
				7141B2C8193DB2A30084F9F1 /* InfoPlist.strings in Resources */,
			);
			runOnlyForDeploymentPostprocessing = 0;
		};
/* End PBXResourcesBuildPhase section */

/* Begin PBXSourcesBuildPhase section */
		7141B29D193DB2A30084F9F1 /* Sources */ = {
			isa = PBXSourcesBuildPhase;
			buildActionMask = 2147483647;
			files = (
				7141B2B5193DB2A30084F9F1 /* AppDelegate.m in Sources */,
				7141B2B1193DB2A30084F9F1 /* main.m in Sources */,
			);
			runOnlyForDeploymentPostprocessing = 0;
		};
		7141B2B8193DB2A30084F9F1 /* Sources */ = {
			isa = PBXSourcesBuildPhase;
			buildActionMask = 2147483647;
			files = (
				7141B2CA193DB2A30084F9F1 /* WhoWantsToKnowTests.m in Sources */,
			);
			runOnlyForDeploymentPostprocessing = 0;
		};
/* End PBXSourcesBuildPhase section */

/* Begin PBXTargetDependency section */
		7141B2C2193DB2A30084F9F1 /* PBXTargetDependency */ = {
			isa = PBXTargetDependency;
			target = 7141B2A0193DB2A30084F9F1 /* WhoWantsToKnow */;
			targetProxy = 7141B2C1193DB2A30084F9F1 /* PBXContainerItemProxy */;
		};
/* End PBXTargetDependency section */

/* Begin PBXVariantGroup section */
		7141B2AD193DB2A30084F9F1 /* InfoPlist.strings */ = {
			isa = PBXVariantGroup;
			children = (
				7141B2AE193DB2A30084F9F1 /* en */,
			);
			name = InfoPlist.strings;
			sourceTree = "<group>";
		};
		7141B2C6193DB2A30084F9F1 /* InfoPlist.strings */ = {
			isa = PBXVariantGroup;
			children = (
				7141B2C7193DB2A30084F9F1 /* en */,
			);
			name = InfoPlist.strings;
			sourceTree = "<group>";
		};
/* End PBXVariantGroup section */

/* Begin XCBuildConfiguration section */
		7141B2CB193DB2A30084F9F1 /* Debug */ = {
			isa = XCBuildConfiguration;
			buildSettings = {
				ALWAYS_SEARCH_USER_PATHS = NO;
				CLANG_CXX_LANGUAGE_STANDARD = "gnu++0x";
				CLANG_CXX_LIBRARY = "libc++";
				CLANG_ENABLE_MODULES = YES;
				CLANG_ENABLE_OBJC_ARC = YES;
				CLANG_WARN_BOOL_CONVERSION = YES;
				CLANG_WARN_CONSTANT_CONVERSION = YES;
				CLANG_WARN_DIRECT_OBJC_ISA_USAGE = YES_ERROR;
				CLANG_WARN_EMPTY_BODY = YES;
				CLANG_WARN_ENUM_CONVERSION = YES;
				CLANG_WARN_INT_CONVERSION = YES;
				CLANG_WARN_OBJC_ROOT_CLASS = YES_ERROR;
				CLANG_WARN__DUPLICATE_METHOD_MATCH = YES;
				"CODE_SIGN_IDENTITY[sdk=iphoneos*]" = "iPhone Developer";
				COPY_PHASE_STRIP = NO;
				GCC_C_LANGUAGE_STANDARD = gnu99;
				GCC_DYNAMIC_NO_PIC = NO;
				GCC_OPTIMIZATION_LEVEL = 0;
				GCC_PREPROCESSOR_DEFINITIONS = (
					"DEBUG=1",
					"$(inherited)",
				);
				GCC_SYMBOLS_PRIVATE_EXTERN = NO;
				GCC_WARN_64_TO_32_BIT_CONVERSION = YES;
				GCC_WARN_ABOUT_RETURN_TYPE = YES_ERROR;
				GCC_WARN_UNDECLARED_SELECTOR = YES;
				GCC_WARN_UNINITIALIZED_AUTOS = YES_AGGRESSIVE;
				GCC_WARN_UNUSED_FUNCTION = YES;
				GCC_WARN_UNUSED_VARIABLE = YES;
				IPHONEOS_DEPLOYMENT_TARGET = 7.1;
				ONLY_ACTIVE_ARCH = YES;
				SDKROOT = iphoneos;
			};
			name = Debug;
		};
		7141B2CC193DB2A30084F9F1 /* Release */ = {
			isa = XCBuildConfiguration;
			buildSettings = {
				ALWAYS_SEARCH_USER_PATHS = NO;
				CLANG_CXX_LANGUAGE_STANDARD = "gnu++0x";
				CLANG_CXX_LIBRARY = "libc++";
				CLANG_ENABLE_MODULES = YES;
				CLANG_ENABLE_OBJC_ARC = YES;
				CLANG_WARN_BOOL_CONVERSION = YES;
				CLANG_WARN_CONSTANT_CONVERSION = YES;
				CLANG_WARN_DIRECT_OBJC_ISA_USAGE = YES_ERROR;
				CLANG_WARN_EMPTY_BODY = YES;
				CLANG_WARN_ENUM_CONVERSION = YES;
				CLANG_WARN_INT_CONVERSION = YES;
				CLANG_WARN_OBJC_ROOT_CLASS = YES_ERROR;
				CLANG_WARN__DUPLICATE_METHOD_MATCH = YES;
				"CODE_SIGN_IDENTITY[sdk=iphoneos*]" = "iPhone Developer";
				COPY_PHASE_STRIP = YES;
				ENABLE_NS_ASSERTIONS = NO;
				GCC_C_LANGUAGE_STANDARD = gnu99;
				GCC_WARN_64_TO_32_BIT_CONVERSION = YES;
				GCC_WARN_ABOUT_RETURN_TYPE = YES_ERROR;
				GCC_WARN_UNDECLARED_SELECTOR = YES;
				GCC_WARN_UNINITIALIZED_AUTOS = YES_AGGRESSIVE;
				GCC_WARN_UNUSED_FUNCTION = YES;
				GCC_WARN_UNUSED_VARIABLE = YES;
				IPHONEOS_DEPLOYMENT_TARGET = 7.1;
				SDKROOT = iphoneos;
				VALIDATE_PRODUCT = YES;
			};
			name = Release;
		};
		7141B2CE193DB2A30084F9F1 /* Debug */ = {
			isa = XCBuildConfiguration;
			buildSettings = {
				ASSETCATALOG_COMPILER_APPICON_NAME = AppIcon;
				ASSETCATALOG_COMPILER_LAUNCHIMAGE_NAME = LaunchImage;
				GCC_PRECOMPILE_PREFIX_HEADER = YES;
				GCC_PREFIX_HEADER = "WhoWantsToKnow/WhoWantsToKnow-Prefix.pch";
				INFOPLIST_FILE = "WhoWantsToKnow/WhoWantsToKnow-Info.plist";
				PRODUCT_NAME = "$(TARGET_NAME)";
				WRAPPER_EXTENSION = app;
			};
			name = Debug;
		};
		7141B2CF193DB2A30084F9F1 /* Release */ = {
			isa = XCBuildConfiguration;
			buildSettings = {
				ASSETCATALOG_COMPILER_APPICON_NAME = AppIcon;
				ASSETCATALOG_COMPILER_LAUNCHIMAGE_NAME = LaunchImage;
				GCC_PRECOMPILE_PREFIX_HEADER = YES;
				GCC_PREFIX_HEADER = "WhoWantsToKnow/WhoWantsToKnow-Prefix.pch";
				INFOPLIST_FILE = "WhoWantsToKnow/WhoWantsToKnow-Info.plist";
				PRODUCT_NAME = "$(TARGET_NAME)";
				WRAPPER_EXTENSION = app;
			};
			name = Release;
		};
		7141B2D1193DB2A30084F9F1 /* Debug */ = {
			isa = XCBuildConfiguration;
			buildSettings = {
				BUNDLE_LOADER = "$(BUILT_PRODUCTS_DIR)/WhoWantsToKnow.app/WhoWantsToKnow";
				FRAMEWORK_SEARCH_PATHS = (
					"$(SDKROOT)/Developer/Library/Frameworks",
					"$(inherited)",
					"$(DEVELOPER_FRAMEWORKS_DIR)",
				);
				GCC_PRECOMPILE_PREFIX_HEADER = YES;
				GCC_PREFIX_HEADER = "WhoWantsToKnow/WhoWantsToKnow-Prefix.pch";
				GCC_PREPROCESSOR_DEFINITIONS = (
					"DEBUG=1",
					"$(inherited)",
				);
				INFOPLIST_FILE = "WhoWantsToKnowTests/WhoWantsToKnowTests-Info.plist";
				PRODUCT_NAME = "$(TARGET_NAME)";
				TEST_HOST = "$(BUNDLE_LOADER)";
				WRAPPER_EXTENSION = xctest;
			};
			name = Debug;
		};
		7141B2D2193DB2A30084F9F1 /* Release */ = {
			isa = XCBuildConfiguration;
			buildSettings = {
				BUNDLE_LOADER = "$(BUILT_PRODUCTS_DIR)/WhoWantsToKnow.app/WhoWantsToKnow";
				FRAMEWORK_SEARCH_PATHS = (
					"$(SDKROOT)/Developer/Library/Frameworks",
					"$(inherited)",
					"$(DEVELOPER_FRAMEWORKS_DIR)",
				);
				GCC_PRECOMPILE_PREFIX_HEADER = YES;
				GCC_PREFIX_HEADER = "WhoWantsToKnow/WhoWantsToKnow-Prefix.pch";
				INFOPLIST_FILE = "WhoWantsToKnowTests/WhoWantsToKnowTests-Info.plist";
				PRODUCT_NAME = "$(TARGET_NAME)";
				TEST_HOST = "$(BUNDLE_LOADER)";
				WRAPPER_EXTENSION = xctest;
			};
			name = Release;
		};
/* End XCBuildConfiguration section */

/* Begin XCConfigurationList section */
		7141B29C193DB2A30084F9F1 /* Build configuration list for PBXProject "WhoWantsToKnow" */ = {
			isa = XCConfigurationList;
			buildConfigurations = (
				7141B2CB193DB2A30084F9F1 /* Debug */,
				7141B2CC193DB2A30084F9F1 /* Release */,
			);
			defaultConfigurationIsVisible = 0;
			defaultConfigurationName = Release;
		};
		7141B2CD193DB2A30084F9F1 /* Build configuration list for PBXNativeTarget "WhoWantsToKnow" */ = {
			isa = XCConfigurationList;
			buildConfigurations = (
				7141B2CE193DB2A30084F9F1 /* Debug */,
				7141B2CF193DB2A30084F9F1 /* Release */,
			);
			defaultConfigurationIsVisible = 0;
		};
		7141B2D0193DB2A30084F9F1 /* Build configuration list for PBXNativeTarget "WhoWantsToKnowTests" */ = {
			isa = XCConfigurationList;
			buildConfigurations = (
				7141B2D1193DB2A30084F9F1 /* Debug */,
				7141B2D2193DB2A30084F9F1 /* Release */,
			);
			defaultConfigurationIsVisible = 0;
		};
/* End XCConfigurationList section */
	};
	rootObject = 7141B299193DB2A30084F9F1 /* Project object */;
}
